
Microsoft Visual Studio Solution File, Format Version 12.00
# Visual Studio Version 17
VisualStudioVersion = 17.1.32210.238
MinimumVisualStudioVersion = 10.0.40219.1
Project("{2150E333-8FDC-42A3-9474-1A3956D46DE8}") = "Solution Items", "Solution Items", "{2B7A09D5-6882-4FF5-9F30-9DE0578416DC}"
	ProjectSection(SolutionItems) = preProject
		.editorconfig = .editorconfig
		README.md = README.md
		TODO.md = TODO.md
	EndProjectSection
EndProject
Project("{9A19103F-16F7-4668-BE54-9A1E7A4F7556}") = "ExpressionFramework.CodeGeneration", "src\ExpressionFramework.CodeGeneration\ExpressionFramework.CodeGeneration.csproj", "{CAA25C3C-14F4-4B86-9E3B-20E7CB7D900D}"
EndProject
Project("{9A19103F-16F7-4668-BE54-9A1E7A4F7556}") = "ExpressionFramework.Domain", "src\ExpressionFramework.Domain\ExpressionFramework.Domain.csproj", "{E7A030ED-1E7B-4A23-8E27-254B863E8209}"
EndProject
Project("{9A19103F-16F7-4668-BE54-9A1E7A4F7556}") = "ExpressionFramework.Parser", "src\ExpressionFramework.Parser\ExpressionFramework.Parser.csproj", "{703C58C4-7C7E-4C6D-AF5A-6D51A563DBE1}"
EndProject
Project("{9A19103F-16F7-4668-BE54-9A1E7A4F7556}") = "ExpressionFramework.Domain.Tests", "src\ExpressionFramework.Domain.Tests\ExpressionFramework.Domain.Tests.csproj", "{A43EA99C-3CBD-4FF0-88DE-394AFF3061B5}"
EndProject
Project("{9A19103F-16F7-4668-BE54-9A1E7A4F7556}") = "ExpressionFramework.Parser.Tests", "src\ExpressionFramework.Parser.Tests\ExpressionFramework.Parser.Tests.csproj", "{171F095B-A221-43B6-95E4-967F60FE8960}"
EndProject
Global
	GlobalSection(SolutionConfigurationPlatforms) = preSolution
		Debug|Any CPU = Debug|Any CPU
		Release|Any CPU = Release|Any CPU
	EndGlobalSection
	GlobalSection(ProjectConfigurationPlatforms) = postSolution
		{CAA25C3C-14F4-4B86-9E3B-20E7CB7D900D}.Debug|Any CPU.ActiveCfg = Debug|Any CPU
		{CAA25C3C-14F4-4B86-9E3B-20E7CB7D900D}.Debug|Any CPU.Build.0 = Debug|Any CPU
		{CAA25C3C-14F4-4B86-9E3B-20E7CB7D900D}.Release|Any CPU.ActiveCfg = Release|Any CPU
		{CAA25C3C-14F4-4B86-9E3B-20E7CB7D900D}.Release|Any CPU.Build.0 = Release|Any CPU
		{E7A030ED-1E7B-4A23-8E27-254B863E8209}.Debug|Any CPU.ActiveCfg = Debug|Any CPU
		{E7A030ED-1E7B-4A23-8E27-254B863E8209}.Debug|Any CPU.Build.0 = Debug|Any CPU
		{E7A030ED-1E7B-4A23-8E27-254B863E8209}.Release|Any CPU.ActiveCfg = Release|Any CPU
		{E7A030ED-1E7B-4A23-8E27-254B863E8209}.Release|Any CPU.Build.0 = Release|Any CPU
		{703C58C4-7C7E-4C6D-AF5A-6D51A563DBE1}.Debug|Any CPU.ActiveCfg = Debug|Any CPU
		{703C58C4-7C7E-4C6D-AF5A-6D51A563DBE1}.Debug|Any CPU.Build.0 = Debug|Any CPU
		{703C58C4-7C7E-4C6D-AF5A-6D51A563DBE1}.Release|Any CPU.ActiveCfg = Release|Any CPU
		{703C58C4-7C7E-4C6D-AF5A-6D51A563DBE1}.Release|Any CPU.Build.0 = Release|Any CPU
		{A43EA99C-3CBD-4FF0-88DE-394AFF3061B5}.Debug|Any CPU.ActiveCfg = Debug|Any CPU
		{A43EA99C-3CBD-4FF0-88DE-394AFF3061B5}.Debug|Any CPU.Build.0 = Debug|Any CPU
		{A43EA99C-3CBD-4FF0-88DE-394AFF3061B5}.Release|Any CPU.ActiveCfg = Release|Any CPU
		{A43EA99C-3CBD-4FF0-88DE-394AFF3061B5}.Release|Any CPU.Build.0 = Release|Any CPU
		{171F095B-A221-43B6-95E4-967F60FE8960}.Debug|Any CPU.ActiveCfg = Debug|Any CPU
		{171F095B-A221-43B6-95E4-967F60FE8960}.Debug|Any CPU.Build.0 = Debug|Any CPU
		{171F095B-A221-43B6-95E4-967F60FE8960}.Release|Any CPU.ActiveCfg = Release|Any CPU
		{171F095B-A221-43B6-95E4-967F60FE8960}.Release|Any CPU.Build.0 = Release|Any CPU
	EndGlobalSection
	GlobalSection(SolutionProperties) = preSolution
		HideSolutionNode = FALSE
	EndGlobalSection
	GlobalSection(ExtensibilityGlobals) = postSolution
		SolutionGuid = {32375A53-CB3A-43AF-945B-CB46B18BC9DB}
	EndGlobalSection
EndGlobal
